[cli]
sha256 = "285865a31d777181b075f39e92bcfe59c89cd6bacce660be1b9a627646956258"
sha512 = "da2622210a9e3eea82b99f1a5b8a44ce5443d009cb943f7bca0bf9cf4360829b289913d7ee727c011f0f72994ea7dc8e661ebcc0a6b34b587297d80cd9b3f7e8"

[clocks]
url = "https://github.com/WebAssembly/wasi-clocks/archive/main.tar.gz"
sha256 = "4b08b59bc820d06ee6bd4e9a83222c9a8348fbce6ffe3746d101b06db4c41a8f"
sha512 = "f20a7467852595ad1de1c1108b9490b9e432bc3a119f93819501b059b23fd075e31dd4e0543dacd6148c59dd571e74f9ba7b2f6ca64b0cbfe29c7e88fbb3209e"

[filesystem]
sha256 = "498c465cfd04587db40f970fff2185daa597d074c20b68a8bcbae558f261499b"
sha512 = "ead452f9b7bfb88593a502ec00d76d4228003d51c40fd0408aebc32d35c94673551b00230d730873361567cc209ec218c41fb4e95bad194268592c49e7964347"

[http]
url = "https://github.com/WebAssembly/wasi-http/archive/main.tar.gz"
sha256 = "f98ea7e81e54ea6669247b470b1af06224020fd0b57b1d867aa7603f8a0a703c"
sha512 = "033263492089de9b3f513be2b9d778622375f01284c93a3a064081a514ee5d995d2bce09eaec4ed3045f17be39a1ab62fa620f38a334c278c63b4f4b226811c0"
deps = ["cli", "filesystem", "random"]

[io]
url = "https://github.com/WebAssembly/wasi-io/archive/main.tar.gz"
sha256 = "81c13374aa3224b6e903a43ea0a940e7367b96b4c975094c9305472ca7d346b6"
sha512 = "ef8d944fde8ae0769ec16dc401e5e14ed2b199b3ee95f03b0926d54bd9645e8d7c69acad9596b52921815ef1dd501d9367a9d5aaddff2e0212ebe5f4cc69314a"

[messaging]
url = "https://github.com/WebAssembly/wasi-messaging/archive/main.tar.gz"
sha256 = "78a631ca15186602187fc5b4e5686e08ed4b412253d5112d37d7641aca4f4149"
sha512 = "62d5df0f892b41ce704f7b989e85cad4743599b275f6e11fdb13a63be9079f5dfbf19d3198ef1824e2571381fe1061e699dad91b950c1c219d685d70a55e955a"

[random]
sha256 = "7371d03c037d924caba2587fb2e7c5773a0d3c5fcecbf7971e0e0ba57973c53d"
sha512 = "964c4e8925a53078e4d94ba907b54f89a0b7e154f46823a505391471466c17f53c8692682e5c85771712acd88b348686173fc07c53a3cfe3d301b8cd8ddd0de4"

[sockets]
url = "https://github.com/WebAssembly/wasi-sockets/archive/main.tar.gz"
sha256 = "07f936f78d29f933b1c70c5b5fe09e9d21ba841da0796b8ac631bb048a8c40bb"
sha512 = "4314484e7b95a50643b2ca6b9a4d5ad7a8c9f33a2db74aba7e99bcf0979679a4e78455d7238b9b4164f63c439d103ac8822593fc57d861eb53617ac44308b88b"

[sql]
url = "https://github.com/WebAssembly/wasi-sql/archive/main.tar.gz"
sha256 = "b059c4b9951f656e24af3eff9f3dfedd2e45ffa3462bf5ddc17d8c51f757c315"
sha512 = "cda940f0c995286ed6286ca40706e1811db1fc451f223b63db55edbf47deadff80e5be9fdef3fb3d307161df1671cbca399c6af2006a3498030b0d61bb5a0de1"
